
Microsoft Visual Studio Solution File, Format Version 12.00
# Visual Studio 2013
VisualStudioVersion = 12.0.30723.0
MinimumVisualStudioVersion = 10.0.40219.1
Project("{FAE04EC0-301F-11D3-BF4B-00C04F79EFBC}") = "Dapperism", "Dapperism\Dapperism.csproj", "{60A3AAE2-8801-4C79-B034-C5702F88CD1F}"
EndProject
Project("{FAE04EC0-301F-11D3-BF4B-00C04F79EFBC}") = "Dapperism.Test", "Dapperism.Test\Dapperism.Test.csproj", "{3DCC651A-E5E7-418D-912D-5BEA83E48FD9}"
EndProject
Global
	GlobalSection(SolutionConfigurationPlatforms) = preSolution
		Debug|Any CPU = Debug|Any CPU
		Release|Any CPU = Release|Any CPU
	EndGlobalSection
	GlobalSection(ProjectConfigurationPlatforms) = postSolution
		{60A3AAE2-8801-4C79-B034-C5702F88CD1F}.Debug|Any CPU.ActiveCfg = Debug|Any CPU
		{60A3AAE2-8801-4C79-B034-C5702F88CD1F}.Debug|Any CPU.Build.0 = Debug|Any CPU
		{60A3AAE2-8801-4C79-B034-C5702F88CD1F}.Release|Any CPU.ActiveCfg = Release|Any CPU
		{60A3AAE2-8801-4C79-B034-C5702F88CD1F}.Release|Any CPU.Build.0 = Release|Any CPU
		{3DCC651A-E5E7-418D-912D-5BEA83E48FD9}.Debug|Any CPU.ActiveCfg = Debug|Any CPU
		{3DCC651A-E5E7-418D-912D-5BEA83E48FD9}.Debug|Any CPU.Build.0 = Debug|Any CPU
		{3DCC651A-E5E7-418D-912D-5BEA83E48FD9}.Release|Any CPU.ActiveCfg = Release|Any CPU
		{3DCC651A-E5E7-418D-912D-5BEA83E48FD9}.Release|Any CPU.Build.0 = Release|Any CPU
	EndGlobalSection
	GlobalSection(SolutionProperties) = preSolution
		HideSolutionNode = FALSE
	EndGlobalSection
	GlobalSection(ExtensibilityGlobals) = postSolution
		EnterpriseLibraryConfigurationToolBinariesPathV6 = packages\EnterpriseLibrary.Common.6.0.1304.0\lib\NET45;packages\EnterpriseLibrary.Validation.6.0.1304.0\lib\NET45
	EndGlobalSection
EndGlobal
